<?xml version="1.0" encoding="utf-8"?>
<Project ToolsVersion="4.0" xmlns="http://schemas.microsoft.com/developer/msbuild/2003">
  <ItemGroup>
    <Filter Include="Source Files">
      <UniqueIdentifier>{4FC737F1-C7A5-4376-A066-2A32D752A2FF}</UniqueIdentifier>
      <Extensions>cpp;c;cc;cxx;c++;cppm;ixx;def;odl;idl;hpj;bat;asm;asmx</Extensions>
    </Filter>
    <Filter Include="Header Files">
      <UniqueIdentifier>{93995380-89BD-4b04-88EB-625FBE52EBFB}</UniqueIdentifier>
      <Extensions>h;hh;hpp;hxx;h++;hm;inl;inc;ipp;xsd</Extensions>
    </Filter>
    <Filter Include="Resource Files">
      <UniqueIdentifier>{67DA6AB6-F800-4c08-8B7A-83BB121AAD01}</UniqueIdentifier>
      <Extensions>rc;ico;cur;bmp;dlg;rc2;rct;bin;rgs;gif;jpg;jpeg;jpe;resx;tiff;tif;png;wav;mfcribbon-ms</Extensions>
    </Filter>
    <Filter Include="Source Files\Handlers">
      <UniqueIdentifier>{b6435cff-f037-4e29-8a81-9476e13c13eb}</UniqueIdentifier>
    </Filter>
    <Filter Include="Header Files\Handlers">
      <UniqueIdentifier>{5a225e73-fde7-4cfe-986c-2d04a3152b02}</UniqueIdentifier>
    </Filter>
    <Filter Include="Header Files\BaseClasses">
      <UniqueIdentifier>{63a56ae6-fc60-4695-9ad1-3cf661a46b39}</UniqueIdentifier>
    </Filter>
    <Filter Include="Source Files\BaseClasses">
      <UniqueIdentifier>{d3eb5cfd-b139-40bf-9fac-60d4fe8ab2f3}</UniqueIdentifier>
    </Filter>
    <Filter Include="Header Files\Draw">
      <UniqueIdentifier>{af2d1eec-5a8b-40f8-87a8-ff077e51f9b0}</UniqueIdentifier>
    </Filter>
    <Filter Include="Source Files\Draw">
      <UniqueIdentifier>{72642682-04cf-48b0-932e-5d03c81de75d}</UniqueIdentifier>
    </Filter>
    <Filter Include="Header Files\Draw\Indiced">
      <UniqueIdentifier>{7e928e2f-cfc8-4b36-a512-a7a4aaea28db}</UniqueIdentifier>
    </Filter>
    <Filter Include="Header Files\Draw\Direct">
      <UniqueIdentifier>{6f81c897-7532-4cbd-b1eb-c2a656e5027b}</UniqueIdentifier>
    </Filter>
    <Filter Include="Source Files\Draw\Direct">
      <UniqueIdentifier>{9072beb8-57f4-4888-a08d-a2899ef988dd}</UniqueIdentifier>
    </Filter>
    <Filter Include="Source Files\Draw\Indiced">
      <UniqueIdentifier>{1a13e946-0a77-461d-8dcb-f57838e8327c}</UniqueIdentifier>
    </Filter>
    <Filter Include="Source Files\Handlers\I/O">
      <UniqueIdentifier>{30a91e05-f3d6-4d83-b0dd-528c4c2d6fa4}</UniqueIdentifier>
    </Filter>
    <Filter Include="Header Files\Handlers\I/O">
      <UniqueIdentifier>{37cd42bf-42a8-40b2-a824-e4a6681e44d9}</UniqueIdentifier>
    </Filter>
    <Filter Include="Header Files\BaseClasses\Main">
      <UniqueIdentifier>{d902b77e-4e11-48a5-8ca3-e7416811c49a}</UniqueIdentifier>
    </Filter>
    <Filter Include="Header Files\BaseClasses\Modificators">
      <UniqueIdentifier>{0e349e86-cf7a-4e82-8683-1d09ed1fdcff}</UniqueIdentifier>
    </Filter>
    <Filter Include="Source Files\BaseClasses\Main">
      <UniqueIdentifier>{578dc017-ac02-469f-990a-46e33e23ee41}</UniqueIdentifier>
    </Filter>
    <Filter Include="Source Files\BaseClasses\Modificators">
      <UniqueIdentifier>{f0492984-753e-4793-80e1-f40064765439}</UniqueIdentifier>
    </Filter>
  </ItemGroup>
  <ItemGroup>
    <ClCompile Include="Demo.cpp">
      <Filter>Source Files</Filter>
    </ClCompile>
    <ClCompile Include="Renderer.cpp">
      <Filter>Source Files\Handlers</Filter>
    </ClCompile>
    <ClCompile Include="Engine.cpp">
      <Filter>Source Files\Handlers</Filter>
    </ClCompile>
    <ClCompile Include="ObjectManager.cpp">
      <Filter>Source Files\Handlers</Filter>
    </ClCompile>
    <ClCompile Include="ShaderHandler.cpp">
      <Filter>Source Files\Handlers</Filter>
    </ClCompile>
    <ClCompile Include="Cube.cpp">
      <Filter>Source Files\Draw\Indiced</Filter>
    </ClCompile>
    <ClCompile Include="FigureE.cpp">
      <Filter>Source Files\Draw\Indiced</Filter>
    </ClCompile>
    <ClCompile Include="Line.cpp">
      <Filter>Source Files\Draw\Direct</Filter>
    </ClCompile>
    <ClCompile Include="Point.cpp">
      <Filter>Source Files\Draw\Direct</Filter>
    </ClCompile>
    <ClCompile Include="PoliLine.cpp">
      <Filter>Source Files\Draw\Direct</Filter>
    </ClCompile>
    <ClCompile Include="Quads.cpp">
      <Filter>Source Files\Draw\Direct</Filter>
    </ClCompile>
    <ClCompile Include="Triangle.cpp">
      <Filter>Source Files\Draw\Direct</Filter>
    </ClCompile>
    <ClCompile Include="TriangleFan.cpp">
      <Filter>Source Files\Draw\Direct</Filter>
    </ClCompile>
    <ClCompile Include="TriangleStrip.cpp">
      <Filter>Source Files\Draw\Direct</Filter>
    </ClCompile>
    <ClCompile Include="KeyboardHandler.cpp">
      <Filter>Source Files\Handlers\I/O</Filter>
    </ClCompile>
    <ClCompile Include="MouseHandler.cpp">
      <Filter>Source Files\Handlers\I/O</Filter>
    </ClCompile>
    <ClCompile Include="DisplayManager.cpp">
      <Filter>Source Files\Handlers\I/O</Filter>
    </ClCompile>
    <ClCompile Include="DirectDraw.cpp">
      <Filter>Source Files\BaseClasses\Main</Filter>
    </ClCompile>
    <ClCompile Include="EngineObject.cpp">
      <Filter>Source Files\BaseClasses\Main</Filter>
    </ClCompile>
    <ClCompile Include="Figures.cpp">
      <Filter>Source Files\BaseClasses\Main</Filter>
    </ClCompile>
    <ClCompile Include="IndiceDraw.cpp">
      <Filter>Source Files\BaseClasses\Main</Filter>
    </ClCompile>
    <ClCompile Include="Observer.cpp">
      <Filter>Source Files\BaseClasses\Main</Filter>
    </ClCompile>
    <ClCompile Include="Refreshable.cpp">
      <Filter>Source Files\BaseClasses\Modificators</Filter>
    </ClCompile>
    <ClCompile Include="Resizable.cpp">
      <Filter>Source Files\BaseClasses\Modificators</Filter>
    </ClCompile>
    <ClCompile Include="Player.cpp">
      <Filter>Source Files\BaseClasses\Main</Filter>
    </ClCompile>
    <ClCompile Include="TransformableFigure.cpp">
      <Filter>Source Files\BaseClasses\Modificators</Filter>
    </ClCompile>
    <ClCompile Include="BitmapHandler.cpp">
      <Filter>Source Files\Handlers</Filter>
    </ClCompile>
    <ClCompile Include="Textured.cpp">
      <Filter>Source Files\BaseClasses\Modificators</Filter>
    </ClCompile>
    <ClCompile Include="CubeTextured.cpp">
      <Filter>Source Files\Draw\Indiced</Filter>
    </ClCompile>
    <ClCompile Include="QuadsTextured.cpp">
      <Filter>Source Files\Draw\Direct</Filter>
    </ClCompile>
  </ItemGroup>
  <ItemGroup>
    <None Include="packages.config" />
    <None Include="shader.vert" />
    <None Include="shader.frag" />
    <None Include="flatShader.vert" />
  </ItemGroup>
  <ItemGroup>
    <ClInclude Include="Renderer.h">
      <Filter>Header Files\Handlers</Filter>
    </ClInclude>
    <ClInclude Include="Engine.h">
      <Filter>Header Files\Handlers</Filter>
    </ClInclude>
    <ClInclude Include="ObjectManager.h">
      <Filter>Header Files\Handlers</Filter>
    </ClInclude>
    <ClInclude Include="ShaderHandler.h">
      <Filter>Header Files\Handlers</Filter>
    </ClInclude>
    <ClInclude Include="Cube.h">
      <Filter>Header Files\Draw\Indiced</Filter>
    </ClInclude>
    <ClInclude Include="FigureE.h">
      <Filter>Header Files\Draw\Indiced</Filter>
    </ClInclude>
    <ClInclude Include="Line.h">
      <Filter>Header Files\Draw\Direct</Filter>
    </ClInclude>
    <ClInclude Include="Point.h">
      <Filter>Header Files\Draw\Direct</Filter>
    </ClInclude>
    <ClInclude Include="PoliLine.h">
      <Filter>Header Files\Draw\Direct</Filter>
    </ClInclude>
    <ClInclude Include="Quads.h">
      <Filter>Header Files\Draw\Direct</Filter>
    </ClInclude>
    <ClInclude Include="Triangle.h">
      <Filter>Header Files\Draw\Direct</Filter>
    </ClInclude>
    <ClInclude Include="TriangleFan.h">
      <Filter>Header Files\Draw\Direct</Filter>
    </ClInclude>
    <ClInclude Include="TriangleStrip.h">
      <Filter>Header Files\Draw\Direct</Filter>
    </ClInclude>
    <ClInclude Include="DisplayManager.h">
      <Filter>Header Files\Handlers\I/O</Filter>
    </ClInclude>
    <ClInclude Include="KeyboardHandler.h">
      <Filter>Header Files\Handlers\I/O</Filter>
    </ClInclude>
    <ClInclude Include="MouseHandler.h">
      <Filter>Header Files\Handlers\I/O</Filter>
    </ClInclude>
    <ClInclude Include="DirectDraw.h">
      <Filter>Header Files\BaseClasses\Main</Filter>
    </ClInclude>
    <ClInclude Include="EngineObject.h">
      <Filter>Header Files\BaseClasses\Main</Filter>
    </ClInclude>
    <ClInclude Include="Figures.h">
      <Filter>Header Files\BaseClasses\Main</Filter>
    </ClInclude>
    <ClInclude Include="IndiceDraw.h">
      <Filter>Header Files\BaseClasses\Main</Filter>
    </ClInclude>
    <ClInclude Include="Observer.h">
      <Filter>Header Files\BaseClasses\Main</Filter>
    </ClInclude>
    <ClInclude Include="Refreshable.h">
      <Filter>Header Files\BaseClasses\Modificators</Filter>
    </ClInclude>
    <ClInclude Include="Resizable.h">
      <Filter>Header Files\BaseClasses\Modificators</Filter>
    </ClInclude>
    <ClInclude Include="TransformableFigure.h">
      <Filter>Header Files\BaseClasses\Modificators</Filter>
    </ClInclude>
    <ClInclude Include="Player.h">
      <Filter>Header Files\BaseClasses\Main</Filter>
    </ClInclude>
    <ClInclude Include="BitmapHandler.h">
      <Filter>Header Files\Handlers</Filter>
    </ClInclude>
    <ClInclude Include="Textured.h">
      <Filter>Header Files\BaseClasses\Modificators</Filter>
    </ClInclude>
    <ClInclude Include="CubeTextured.h">
      <Filter>Header Files\Draw\Indiced</Filter>
    </ClInclude>
    <ClInclude Include="QuadsTextured.h">
      <Filter>Header Files\Draw\Direct</Filter>
    </ClInclude>
  </ItemGroup>
  <ItemGroup>
    <Text Include="flatShader.frag" />
  </ItemGroup>
</Project>